
Microsoft Visual Studio Solution File, Format Version 12.00
# Visual Studio Version 16
VisualStudioVersion = 16.0.810.17
MinimumVisualStudioVersion = 10.0.40219.1
Project("{FAE04EC0-301F-11D3-BF4B-00C04F79EFBC}") = "TodoAPI", "TodoAPI.csproj", "{E0E1B5B6-CB1E-4E08-BF30-E541669F7BD6}"
EndProject
Global
	GlobalSection(SolutionConfigurationPlatforms) = preSolution
		Debug|Any CPU = Debug|Any CPU
		Release|Any CPU = Release|Any CPU
	EndGlobalSection
	GlobalSection(ProjectConfigurationPlatforms) = postSolution
		{E0E1B5B6-CB1E-4E08-BF30-E541669F7BD6}.Debug|Any CPU.ActiveCfg = Debug|Any CPU
		{E0E1B5B6-CB1E-4E08-BF30-E541669F7BD6}.Debug|Any CPU.Build.0 = Debug|Any CPU
		{E0E1B5B6-CB1E-4E08-BF30-E541669F7BD6}.Release|Any CPU.ActiveCfg = Release|Any CPU
		{E0E1B5B6-CB1E-4E08-BF30-E541669F7BD6}.Release|Any CPU.Build.0 = Release|Any CPU
	EndGlobalSection
	GlobalSection(SolutionProperties) = preSolution
		HideSolutionNode = FALSE
	EndGlobalSection
	GlobalSection(ExtensibilityGlobals) = postSolution
		SolutionGuid = {CA70FAFF-E635-4778-B4E7-743D10A8E1A1}
	EndGlobalSection
EndGlobal
